
Microsoft Visual Studio Solution File, Format Version 12.00
# Visual Studio Version 17
VisualStudioVersion = 17.0.31919.166
MinimumVisualStudioVersion = 10.0.40219.1
Project("{FAE04EC0-301F-11D3-BF4B-00C04F79EFBC}") = "CAPExample.UI", "CAPExample.UI\CAPExample.UI.csproj", "{AADC76DA-AA2B-46C3-8EB4-A47B0235E4DC}"
EndProject
Global
	GlobalSection(SolutionConfigurationPlatforms) = preSolution
		Debug|Any CPU = Debug|Any CPU
		Release|Any CPU = Release|Any CPU
	EndGlobalSection
	GlobalSection(ProjectConfigurationPlatforms) = postSolution
		{AADC76DA-AA2B-46C3-8EB4-A47B0235E4DC}.Debug|Any CPU.ActiveCfg = Debug|Any CPU
		{AADC76DA-AA2B-46C3-8EB4-A47B0235E4DC}.Debug|Any CPU.Build.0 = Debug|Any CPU
		{AADC76DA-AA2B-46C3-8EB4-A47B0235E4DC}.Release|Any CPU.ActiveCfg = Release|Any CPU
		{AADC76DA-AA2B-46C3-8EB4-A47B0235E4DC}.Release|Any CPU.Build.0 = Release|Any CPU
	EndGlobalSection
	GlobalSection(SolutionProperties) = preSolution
		HideSolutionNode = FALSE
	EndGlobalSection
	GlobalSection(ExtensibilityGlobals) = postSolution
		SolutionGuid = {BCB9E36A-BD7A-4B97-B3CB-FC753C4EB74E}
	EndGlobalSection
EndGlobal
